
Microsoft Visual Studio Solution File, Format Version 12.00
# Visual Studio Version 16
VisualStudioVersion = 16.0.31313.79
MinimumVisualStudioVersion = 10.0.40219.1
Project("{FAE04EC0-301F-11D3-BF4B-00C04F79EFBC}") = "MyShop.DataAccess.InMemory", "MyShop.DataAccess.InMemory\MyShop.DataAccess.InMemory.csproj", "{10771F2F-863F-4CD7-B7D7-966DA5F4F25B}"
EndProject
Project("{FAE04EC0-301F-11D3-BF4B-00C04F79EFBC}") = "Myshop.Services", "Myshop.Services\Myshop.Services.csproj", "{781B8F65-049A-42E5-A93C-A86024C5FEE3}"
EndProject
Project("{FAE04EC0-301F-11D3-BF4B-00C04F79EFBC}") = "MyShop.DataAccess.SQL", "MyShop.DataAccess.SQL\MyShop.DataAccess.SQL.csproj", "{1B758B1B-2070-467C-8FF6-6D8026D3E670}"
EndProject
Project("{FAE04EC0-301F-11D3-BF4B-00C04F79EFBC}") = "MyShop.UI", "MyShop.UI\MyShop.UI.csproj", "{2C00EEE7-6BD5-4A44-BEC3-987A9E145629}"
EndProject
Project("{FAE04EC0-301F-11D3-BF4B-00C04F79EFBC}") = "MyShop.UI.Tests", "MyShop.UI.Tests\MyShop.UI.Tests.csproj", "{42C57B21-33BA-4B75-8C1E-0795F005913C}"
EndProject
Project("{FAE04EC0-301F-11D3-BF4B-00C04F79EFBC}") = "MyShop.Core", "MyShop.Core\MyShop.Core.csproj", "{28ADEF8D-F624-4B93-B808-F93C257D26A5}"
EndProject
Global
	GlobalSection(SolutionConfigurationPlatforms) = preSolution
		Debug|Any CPU = Debug|Any CPU
		Release|Any CPU = Release|Any CPU
	EndGlobalSection
	GlobalSection(ProjectConfigurationPlatforms) = postSolution
		{10771F2F-863F-4CD7-B7D7-966DA5F4F25B}.Debug|Any CPU.ActiveCfg = Debug|Any CPU
		{10771F2F-863F-4CD7-B7D7-966DA5F4F25B}.Debug|Any CPU.Build.0 = Debug|Any CPU
		{10771F2F-863F-4CD7-B7D7-966DA5F4F25B}.Release|Any CPU.ActiveCfg = Release|Any CPU
		{10771F2F-863F-4CD7-B7D7-966DA5F4F25B}.Release|Any CPU.Build.0 = Release|Any CPU
		{781B8F65-049A-42E5-A93C-A86024C5FEE3}.Debug|Any CPU.ActiveCfg = Debug|Any CPU
		{781B8F65-049A-42E5-A93C-A86024C5FEE3}.Debug|Any CPU.Build.0 = Debug|Any CPU
		{781B8F65-049A-42E5-A93C-A86024C5FEE3}.Release|Any CPU.ActiveCfg = Release|Any CPU
		{781B8F65-049A-42E5-A93C-A86024C5FEE3}.Release|Any CPU.Build.0 = Release|Any CPU
		{1B758B1B-2070-467C-8FF6-6D8026D3E670}.Debug|Any CPU.ActiveCfg = Debug|Any CPU
		{1B758B1B-2070-467C-8FF6-6D8026D3E670}.Debug|Any CPU.Build.0 = Debug|Any CPU
		{1B758B1B-2070-467C-8FF6-6D8026D3E670}.Release|Any CPU.ActiveCfg = Release|Any CPU
		{1B758B1B-2070-467C-8FF6-6D8026D3E670}.Release|Any CPU.Build.0 = Release|Any CPU
		{2C00EEE7-6BD5-4A44-BEC3-987A9E145629}.Debug|Any CPU.ActiveCfg = Debug|Any CPU
		{2C00EEE7-6BD5-4A44-BEC3-987A9E145629}.Debug|Any CPU.Build.0 = Debug|Any CPU
		{2C00EEE7-6BD5-4A44-BEC3-987A9E145629}.Release|Any CPU.ActiveCfg = Release|Any CPU
		{2C00EEE7-6BD5-4A44-BEC3-987A9E145629}.Release|Any CPU.Build.0 = Release|Any CPU
		{42C57B21-33BA-4B75-8C1E-0795F005913C}.Debug|Any CPU.ActiveCfg = Debug|Any CPU
		{42C57B21-33BA-4B75-8C1E-0795F005913C}.Debug|Any CPU.Build.0 = Debug|Any CPU
		{42C57B21-33BA-4B75-8C1E-0795F005913C}.Release|Any CPU.ActiveCfg = Release|Any CPU
		{42C57B21-33BA-4B75-8C1E-0795F005913C}.Release|Any CPU.Build.0 = Release|Any CPU
		{28ADEF8D-F624-4B93-B808-F93C257D26A5}.Debug|Any CPU.ActiveCfg = Debug|Any CPU
		{28ADEF8D-F624-4B93-B808-F93C257D26A5}.Debug|Any CPU.Build.0 = Debug|Any CPU
		{28ADEF8D-F624-4B93-B808-F93C257D26A5}.Release|Any CPU.ActiveCfg = Release|Any CPU
		{28ADEF8D-F624-4B93-B808-F93C257D26A5}.Release|Any CPU.Build.0 = Release|Any CPU
	EndGlobalSection
	GlobalSection(SolutionProperties) = preSolution
		HideSolutionNode = FALSE
	EndGlobalSection
	GlobalSection(ExtensibilityGlobals) = postSolution
		SolutionGuid = {A5F8738C-2CD6-44DA-A068-CA9F2FE0CB3F}
	EndGlobalSection
EndGlobal
